schema: '2.0'
stages:
  prepare_clean_manifest:
    cmd: python src/create_manifest.py --raw_dir data/raw --out 
      data/manifests/en/clean.jsonl --lang en
    deps:
    - path: data/raw/en/wav
      hash: md5
      md5: b79256b178799e3ce7f8e1c25c6838b5.dir
      size: 1288900
      nfiles: 2
    - path: src/create_manifest.py
      hash: md5
      md5: b3cf7481866b29c22d4b8a4a67f84b98
      size: 2069
    params:
      params.yaml:
        prepare.lang: en
    outs:
    - path: data/manifests/en/clean.jsonl
      hash: md5
      md5: ff9914e970374b1b60641c94d9f2a426
      size: 3930
  add_noise@20:
    cmd: python src/add_noise.py --input data/manifests/en/clean.jsonl --out_dir
      data/manifests/en/noisy_20 --snr 20
    deps:
    - path: data/manifests/en/clean.jsonl
      hash: md5
      md5: ff9914e970374b1b60641c94d9f2a426
      size: 3930
    - path: src/add_noise.py
      hash: md5
      md5: 30009ac8bca4aaa6bff803b0b9291325
      size: 2720
    outs:
    - path: data/manifests/en/noisy_20/noisy_20db.jsonl
      hash: md5
      md5: 255549da2148c5e6e6ac82aec6c91eab
      size: 4004
  add_noise@15:
    cmd: python src/add_noise.py --input data/manifests/en/clean.jsonl --out_dir
      data/manifests/en/noisy_15 --snr 15
    deps:
    - path: data/manifests/en/clean.jsonl
      hash: md5
      md5: ff9914e970374b1b60641c94d9f2a426
      size: 3930
    - path: src/add_noise.py
      hash: md5
      md5: 30009ac8bca4aaa6bff803b0b9291325
      size: 2720
    outs:
    - path: data/manifests/en/noisy_15/noisy_15db.jsonl
      hash: md5
      md5: 71b1ac1aca3e42caf1292ab0cedcfa0d
      size: 4004
  add_noise@10:
    cmd: python src/add_noise.py --input data/manifests/en/clean.jsonl --out_dir
      data/manifests/en/noisy_10 --snr 10
    deps:
    - path: data/manifests/en/clean.jsonl
      hash: md5
      md5: ff9914e970374b1b60641c94d9f2a426
      size: 3930
    - path: src/add_noise.py
      hash: md5
      md5: 30009ac8bca4aaa6bff803b0b9291325
      size: 2720
    outs:
    - path: data/manifests/en/noisy_10/noisy_10db.jsonl
      hash: md5
      md5: 47af9d37cc80c1440d2cd0b82ae98aeb
      size: 4004
  add_noise@5:
    cmd: python src/add_noise.py --input data/manifests/en/clean.jsonl --out_dir
      data/manifests/en/noisy_5 --snr 5
    deps:
    - path: data/manifests/en/clean.jsonl
      hash: md5
      md5: ff9914e970374b1b60641c94d9f2a426
      size: 3930
    - path: src/add_noise.py
      hash: md5
      md5: 30009ac8bca4aaa6bff803b0b9291325
      size: 2720
    outs:
    - path: data/manifests/en/noisy_5/noisy_5db.jsonl
      hash: md5
      md5: 6fec5085fcc5b0cb6122b65251cc853a
      size: 3998
  add_noise@0:
    cmd: python src/add_noise.py --input data/manifests/en/clean.jsonl --out_dir
      data/manifests/en/noisy_0 --snr 0
    deps:
    - path: data/manifests/en/clean.jsonl
      hash: md5
      md5: ff9914e970374b1b60641c94d9f2a426
      size: 3930
    - path: src/add_noise.py
      hash: md5
      md5: 30009ac8bca4aaa6bff803b0b9291325
      size: 2720
    outs:
    - path: data/manifests/en/noisy_0/noisy_0db.jsonl
      hash: md5
      md5: 7b360dd78f84335298667ce7b9c0e4d3
      size: 3998
  add_noise@-5:
    cmd: python src/add_noise.py --input data/manifests/en/clean.jsonl --out_dir
      data/manifests/en/noisy_-5 --snr -5
    deps:
    - path: data/manifests/en/clean.jsonl
      hash: md5
      md5: ff9914e970374b1b60641c94d9f2a426
      size: 3930
    - path: src/add_noise.py
      hash: md5
      md5: 30009ac8bca4aaa6bff803b0b9291325
      size: 2720
    outs:
    - path: data/manifests/en/noisy_-5/noisy_-5db.jsonl
      hash: md5
      md5: 51af0ce880ba72caaf067a531c7e1729
      size: 4004
  add_noise@-10:
    cmd: python src/add_noise.py --input data/manifests/en/clean.jsonl --out_dir
      data/manifests/en/noisy_-10 --snr -10
    deps:
    - path: data/manifests/en/clean.jsonl
      hash: md5
      md5: ff9914e970374b1b60641c94d9f2a426
      size: 3930
    - path: src/add_noise.py
      hash: md5
      md5: 30009ac8bca4aaa6bff803b0b9291325
      size: 2720
    outs:
    - path: data/manifests/en/noisy_-10/noisy_-10db.jsonl
      hash: md5
      md5: 2ed5672f84a46992e3f1706c98eca1a5
      size: 4010
  add_noise@-15:
    cmd: python src/add_noise.py --input data/manifests/en/clean.jsonl --out_dir
      data/manifests/en/noisy_-15 --snr -15
    deps:
    - path: data/manifests/en/clean.jsonl
      hash: md5
      md5: ff9914e970374b1b60641c94d9f2a426
      size: 3930
    - path: src/add_noise.py
      hash: md5
      md5: 30009ac8bca4aaa6bff803b0b9291325
      size: 2720
    outs:
    - path: data/manifests/en/noisy_-15/noisy_-15db.jsonl
      hash: md5
      md5: e68ce910326373602cffb68732722a97
      size: 4010
  add_noise@-20:
    cmd: python src/add_noise.py --input data/manifests/en/clean.jsonl --out_dir
      data/manifests/en/noisy_-20 --snr -20
    deps:
    - path: data/manifests/en/clean.jsonl
      hash: md5
      md5: ff9914e970374b1b60641c94d9f2a426
      size: 3930
    - path: src/add_noise.py
      hash: md5
      md5: 30009ac8bca4aaa6bff803b0b9291325
      size: 2720
    outs:
    - path: data/manifests/en/noisy_-20/noisy_-20db.jsonl
      hash: md5
      md5: beec235b076e07a4a9a798acd2ec1bcd
      size: 4010
  add_noise@-25:
    cmd: python src/add_noise.py --input data/manifests/en/clean.jsonl --out_dir
      data/manifests/en/noisy_-25 --snr -25
    deps:
    - path: data/manifests/en/clean.jsonl
      hash: md5
      md5: ff9914e970374b1b60641c94d9f2a426
      size: 3930
    - path: src/add_noise.py
      hash: md5
      md5: 30009ac8bca4aaa6bff803b0b9291325
      size: 2720
    outs:
    - path: data/manifests/en/noisy_-25/noisy_-25db.jsonl
      hash: md5
      md5: 6e6daa1da9d2b607217b01a1b9e06cf8
      size: 4010
